// !$*UTF8*$!
{
	archiveVersion = 1;
	classes = {
	};
	objectVersion = 50;
	objects = {

/* Begin PBXBuildFile section */
		530D4EE4252E0619008E5F6E /* 2.mp4 in Resources */ = {isa = PBXBuildFile; fileRef = 530D4EE3252E0619008E5F6E /* 2.mp4 */; };
		530D4EEB252EB75F008E5F6E /* VideoCameraController.swift in Sources */ = {isa = PBXBuildFile; fileRef = 530D4EE9252EB75F008E5F6E /* VideoCameraController.swift */; };
		530D4EEC252EB75F008E5F6E /* VideoCameraController.xib in Resources */ = {isa = PBXBuildFile; fileRef = 530D4EEA252EB75F008E5F6E /* VideoCameraController.xib */; };
		53432EC3253E61F0001E4616 /* VideoEncoder.swift in Sources */ = {isa = PBXBuildFile; fileRef = 53432EC2253E61F0001E4616 /* VideoEncoder.swift */; };
		534FE23A2528A8480008ABBD /* AppDelegate.swift in Sources */ = {isa = PBXBuildFile; fileRef = 534FE2392528A8480008ABBD /* AppDelegate.swift */; };
		534FE23C2528A8480008ABBD /* SceneDelegate.swift in Sources */ = {isa = PBXBuildFile; fileRef = 534FE23B2528A8480008ABBD /* SceneDelegate.swift */; };
		534FE23E2528A8480008ABBD /* ViewController.swift in Sources */ = {isa = PBXBuildFile; fileRef = 534FE23D2528A8480008ABBD /* ViewController.swift */; };
		534FE2412528A8480008ABBD /* Main.storyboard in Resources */ = {isa = PBXBuildFile; fileRef = 534FE23F2528A8480008ABBD /* Main.storyboard */; };
		534FE2432528A84A0008ABBD /* Assets.xcassets in Resources */ = {isa = PBXBuildFile; fileRef = 534FE2422528A84A0008ABBD /* Assets.xcassets */; };
		534FE2462528A84A0008ABBD /* LaunchScreen.storyboard in Resources */ = {isa = PBXBuildFile; fileRef = 534FE2442528A84A0008ABBD /* LaunchScreen.storyboard */; };
		534FE2512528A84B0008ABBD /* LLAVFoundationTests.swift in Sources */ = {isa = PBXBuildFile; fileRef = 534FE2502528A84B0008ABBD /* LLAVFoundationTests.swift */; };
		534FE25C2528A84B0008ABBD /* LLAVFoundationUITests.swift in Sources */ = {isa = PBXBuildFile; fileRef = 534FE25B2528A84B0008ABBD /* LLAVFoundationUITests.swift */; };
		534FE2742528A8FC0008ABBD /* AudioController.swift in Sources */ = {isa = PBXBuildFile; fileRef = 534FE2722528A8FC0008ABBD /* AudioController.swift */; };
		534FE2752528A8FC0008ABBD /* AudioController.xib in Resources */ = {isa = PBXBuildFile; fileRef = 534FE2732528A8FC0008ABBD /* AudioController.xib */; };
		535ECAF9252D9B8D007E81DA /* SeparationController.swift in Sources */ = {isa = PBXBuildFile; fileRef = 535ECAF7252D9B8D007E81DA /* SeparationController.swift */; };
		535ECAFA252D9B8D007E81DA /* SeparationController.xib in Resources */ = {isa = PBXBuildFile; fileRef = 535ECAF8252D9B8D007E81DA /* SeparationController.xib */; };
		535ECAFF252D9D09007E81DA /* 1.mp3 in Resources */ = {isa = PBXBuildFile; fileRef = 535ECAFE252D9D09007E81DA /* 1.mp3 */; };
		535ECB07252DFA10007E81DA /* 2.mp3 in Resources */ = {isa = PBXBuildFile; fileRef = 535ECB06252DFA10007E81DA /* 2.mp3 */; };
		5373570E253EE9C3009B5981 /* VideoDecoder.swift in Sources */ = {isa = PBXBuildFile; fileRef = 5373570D253EE9C3009B5981 /* VideoDecoder.swift */; };
		53735715253FBE01009B5981 /* VideoToolboxController.swift in Sources */ = {isa = PBXBuildFile; fileRef = 53735713253FBE01009B5981 /* VideoToolboxController.swift */; };
		53735716253FBE01009B5981 /* VideoToolboxController.xib in Resources */ = {isa = PBXBuildFile; fileRef = 53735714253FBE01009B5981 /* VideoToolboxController.xib */; };
		5373577925410CE1009B5981 /* AAPLEAGLLayer.m in Sources */ = {isa = PBXBuildFile; fileRef = 5373577725410CE1009B5981 /* AAPLEAGLLayer.m */; };
		53DBFEEB2529BD81001578B4 /* AssetController.swift in Sources */ = {isa = PBXBuildFile; fileRef = 53DBFEE92529BD81001578B4 /* AssetController.swift */; };
		53DBFEEC2529BD81001578B4 /* AssetController.xib in Resources */ = {isa = PBXBuildFile; fileRef = 53DBFEEA2529BD81001578B4 /* AssetController.xib */; };
		53DBFEF5252ACBC9001578B4 /* 1.mp4 in Resources */ = {isa = PBXBuildFile; fileRef = 53DBFEF4252ACBC9001578B4 /* 1.mp4 */; };
		53DBFEFD252B2701001578B4 /* PlayerView.swift in Sources */ = {isa = PBXBuildFile; fileRef = 53DBFEFC252B2701001578B4 /* PlayerView.swift */; };
		53DBFF03252B52C7001578B4 /* PlayerController.swift in Sources */ = {isa = PBXBuildFile; fileRef = 53DBFF01252B52C7001578B4 /* PlayerController.swift */; };
		53DBFF04252B52C7001578B4 /* PlayerController.xib in Resources */ = {isa = PBXBuildFile; fileRef = 53DBFF02252B52C7001578B4 /* PlayerController.xib */; };
/* End PBXBuildFile section */

/* Begin PBXContainerItemProxy section */
		534FE24D2528A84B0008ABBD /* PBXContainerItemProxy */ = {
			isa = PBXContainerItemProxy;
			containerPortal = 534FE22E2528A8480008ABBD /* Project object */;
			proxyType = 1;
			remoteGlobalIDString = 534FE2352528A8480008ABBD;
			remoteInfo = LLAVFoundation;
		};
		534FE2582528A84B0008ABBD /* PBXContainerItemProxy */ = {
			isa = PBXContainerItemProxy;
			containerPortal = 534FE22E2528A8480008ABBD /* Project object */;
			proxyType = 1;
			remoteGlobalIDString = 534FE2352528A8480008ABBD;
			remoteInfo = LLAVFoundation;
		};
/* End PBXContainerItemProxy section */

/* Begin PBXFileReference section */
		530D4EE3252E0619008E5F6E /* 2.mp4 */ = {isa = PBXFileReference; lastKnownFileType = file; path = 2.mp4; sourceTree = "<group>"; };
		530D4EE9252EB75F008E5F6E /* VideoCameraController.swift */ = {isa = PBXFileReference; lastKnownFileType = sourcecode.swift; path = VideoCameraController.swift; sourceTree = "<group>"; };
		530D4EEA252EB75F008E5F6E /* VideoCameraController.xib */ = {isa = PBXFileReference; lastKnownFileType = file.xib; path = VideoCameraController.xib; sourceTree = "<group>"; };
		53432EC2253E61F0001E4616 /* VideoEncoder.swift */ = {isa = PBXFileReference; lastKnownFileType = sourcecode.swift; path = VideoEncoder.swift; sourceTree = "<group>"; };
		534FE2362528A8480008ABBD /* LLAVFoundation.app */ = {isa = PBXFileReference; explicitFileType = wrapper.application; includeInIndex = 0; path = LLAVFoundation.app; sourceTree = BUILT_PRODUCTS_DIR; };
		534FE2392528A8480008ABBD /* AppDelegate.swift */ = {isa = PBXFileReference; lastKnownFileType = sourcecode.swift; path = AppDelegate.swift; sourceTree = "<group>"; };
		534FE23B2528A8480008ABBD /* SceneDelegate.swift */ = {isa = PBXFileReference; lastKnownFileType = sourcecode.swift; path = SceneDelegate.swift; sourceTree = "<group>"; };
		534FE23D2528A8480008ABBD /* ViewController.swift */ = {isa = PBXFileReference; lastKnownFileType = sourcecode.swift; path = ViewController.swift; sourceTree = "<group>"; };
		534FE2402528A8480008ABBD /* Base */ = {isa = PBXFileReference; lastKnownFileType = file.storyboard; name = Base; path = Base.lproj/Main.storyboard; sourceTree = "<group>"; };
		534FE2422528A84A0008ABBD /* Assets.xcassets */ = {isa = PBXFileReference; lastKnownFileType = folder.assetcatalog; path = Assets.xcassets; sourceTree = "<group>"; };
		534FE2452528A84A0008ABBD /* Base */ = {isa = PBXFileReference; lastKnownFileType = file.storyboard; name = Base; path = Base.lproj/LaunchScreen.storyboard; sourceTree = "<group>"; };
		534FE2472528A84A0008ABBD /* Info.plist */ = {isa = PBXFileReference; lastKnownFileType = text.plist.xml; path = Info.plist; sourceTree = "<group>"; };
		534FE24C2528A84B0008ABBD /* LLAVFoundationTests.xctest */ = {isa = PBXFileReference; explicitFileType = wrapper.cfbundle; includeInIndex = 0; path = LLAVFoundationTests.xctest; sourceTree = BUILT_PRODUCTS_DIR; };
		534FE2502528A84B0008ABBD /* LLAVFoundationTests.swift */ = {isa = PBXFileReference; lastKnownFileType = sourcecode.swift; path = LLAVFoundationTests.swift; sourceTree = "<group>"; };
		534FE2522528A84B0008ABBD /* Info.plist */ = {isa = PBXFileReference; lastKnownFileType = text.plist.xml; path = Info.plist; sourceTree = "<group>"; };
		534FE2572528A84B0008ABBD /* LLAVFoundationUITests.xctest */ = {isa = PBXFileReference; explicitFileType = wrapper.cfbundle; includeInIndex = 0; path = LLAVFoundationUITests.xctest; sourceTree = BUILT_PRODUCTS_DIR; };
		534FE25B2528A84B0008ABBD /* LLAVFoundationUITests.swift */ = {isa = PBXFileReference; lastKnownFileType = sourcecode.swift; path = LLAVFoundationUITests.swift; sourceTree = "<group>"; };
		534FE25D2528A84B0008ABBD /* Info.plist */ = {isa = PBXFileReference; lastKnownFileType = text.plist.xml; path = Info.plist; sourceTree = "<group>"; };
		534FE2722528A8FC0008ABBD /* AudioController.swift */ = {isa = PBXFileReference; fileEncoding = 4; lastKnownFileType = sourcecode.swift; path = AudioController.swift; sourceTree = "<group>"; };
		534FE2732528A8FC0008ABBD /* AudioController.xib */ = {isa = PBXFileReference; fileEncoding = 4; lastKnownFileType = file.xib; path = AudioController.xib; sourceTree = "<group>"; };
		535ECAF7252D9B8D007E81DA /* SeparationController.swift */ = {isa = PBXFileReference; lastKnownFileType = sourcecode.swift; path = SeparationController.swift; sourceTree = "<group>"; };
		535ECAF8252D9B8D007E81DA /* SeparationController.xib */ = {isa = PBXFileReference; lastKnownFileType = file.xib; path = SeparationController.xib; sourceTree = "<group>"; };
		535ECAFE252D9D09007E81DA /* 1.mp3 */ = {isa = PBXFileReference; lastKnownFileType = audio.mp3; path = 1.mp3; sourceTree = "<group>"; };
		535ECB06252DFA10007E81DA /* 2.mp3 */ = {isa = PBXFileReference; lastKnownFileType = audio.mp3; path = 2.mp3; sourceTree = "<group>"; };
		5373570D253EE9C3009B5981 /* VideoDecoder.swift */ = {isa = PBXFileReference; lastKnownFileType = sourcecode.swift; path = VideoDecoder.swift; sourceTree = "<group>"; };
		53735713253FBE01009B5981 /* VideoToolboxController.swift */ = {isa = PBXFileReference; lastKnownFileType = sourcecode.swift; path = VideoToolboxController.swift; sourceTree = "<group>"; };
		53735714253FBE01009B5981 /* VideoToolboxController.xib */ = {isa = PBXFileReference; lastKnownFileType = file.xib; path = VideoToolboxController.xib; sourceTree = "<group>"; };
		5373577625410CE0009B5981 /* LLAVFoundation-Bridging-Header.h */ = {isa = PBXFileReference; lastKnownFileType = sourcecode.c.h; path = "LLAVFoundation-Bridging-Header.h"; sourceTree = "<group>"; };
		5373577725410CE1009B5981 /* AAPLEAGLLayer.m */ = {isa = PBXFileReference; fileEncoding = 4; lastKnownFileType = sourcecode.c.objc; path = AAPLEAGLLayer.m; sourceTree = "<group>"; };
		5373577825410CE1009B5981 /* AAPLEAGLLayer.h */ = {isa = PBXFileReference; fileEncoding = 4; lastKnownFileType = sourcecode.c.h; path = AAPLEAGLLayer.h; sourceTree = "<group>"; };
		53DBFEE92529BD81001578B4 /* AssetController.swift */ = {isa = PBXFileReference; lastKnownFileType = sourcecode.swift; path = AssetController.swift; sourceTree = "<group>"; };
		53DBFEEA2529BD81001578B4 /* AssetController.xib */ = {isa = PBXFileReference; lastKnownFileType = file.xib; path = AssetController.xib; sourceTree = "<group>"; };
		53DBFEF4252ACBC9001578B4 /* 1.mp4 */ = {isa = PBXFileReference; lastKnownFileType = file; path = 1.mp4; sourceTree = "<group>"; };
		53DBFEFC252B2701001578B4 /* PlayerView.swift */ = {isa = PBXFileReference; lastKnownFileType = sourcecode.swift; path = PlayerView.swift; sourceTree = "<group>"; };
		53DBFF01252B52C7001578B4 /* PlayerController.swift */ = {isa = PBXFileReference; lastKnownFileType = sourcecode.swift; path = PlayerController.swift; sourceTree = "<group>"; };
		53DBFF02252B52C7001578B4 /* PlayerController.xib */ = {isa = PBXFileReference; lastKnownFileType = file.xib; path = PlayerController.xib; sourceTree = "<group>"; };
/* End PBXFileReference section */

/* Begin PBXFrameworksBuildPhase section */
		534FE2332528A8480008ABBD /* Frameworks */ = {
			isa = PBXFrameworksBuildPhase;
			buildActionMask = 2147483647;
			files = (
			);
			runOnlyForDeploymentPostprocessing = 0;
		};
		534FE2492528A84B0008ABBD /* Frameworks */ = {
			isa = PBXFrameworksBuildPhase;
			buildActionMask = 2147483647;
			files = (
			);
			runOnlyForDeploymentPostprocessing = 0;
		};
		534FE2542528A84B0008ABBD /* Frameworks */ = {
			isa = PBXFrameworksBuildPhase;
			buildActionMask = 2147483647;
			files = (
			);
			runOnlyForDeploymentPostprocessing = 0;
		};
/* End PBXFrameworksBuildPhase section */

/* Begin PBXGroup section */
		530D4EE8252EB702008E5F6E /* VideoCamera */ = {
			isa = PBXGroup;
			children = (
				530D4EE9252EB75F008E5F6E /* VideoCameraController.swift */,
				530D4EEA252EB75F008E5F6E /* VideoCameraController.xib */,
			);
			path = VideoCamera;
			sourceTree = "<group>";
		};
		534FE22D2528A8480008ABBD = {
			isa = PBXGroup;
			children = (
				534FE2382528A8480008ABBD /* LLAVFoundation */,
				534FE24F2528A84B0008ABBD /* LLAVFoundationTests */,
				534FE25A2528A84B0008ABBD /* LLAVFoundationUITests */,
				534FE2372528A8480008ABBD /* Products */,
			);
			sourceTree = "<group>";
		};
		534FE2372528A8480008ABBD /* Products */ = {
			isa = PBXGroup;
			children = (
				534FE2362528A8480008ABBD /* LLAVFoundation.app */,
				534FE24C2528A84B0008ABBD /* LLAVFoundationTests.xctest */,
				534FE2572528A84B0008ABBD /* LLAVFoundationUITests.xctest */,
			);
			name = Products;
			sourceTree = "<group>";
		};
		534FE2382528A8480008ABBD /* LLAVFoundation */ = {
			isa = PBXGroup;
			children = (
				534FE2392528A8480008ABBD /* AppDelegate.swift */,
				534FE23B2528A8480008ABBD /* SceneDelegate.swift */,
				534FE23D2528A8480008ABBD /* ViewController.swift */,
				53735712253FBD51009B5981 /* VideoToolBox */,
				530D4EE8252EB702008E5F6E /* VideoCamera */,
				535ECAF6252D9B36007E81DA /* Separation */,
				535ECAF3252D9AD5007E81DA /* Audio */,
				535ECAF4252D9AEF007E81DA /* Asset */,
				535ECAF5252D9AFE007E81DA /* Player */,
				534FE23F2528A8480008ABBD /* Main.storyboard */,
				534FE2422528A84A0008ABBD /* Assets.xcassets */,
				534FE2442528A84A0008ABBD /* LaunchScreen.storyboard */,
				534FE2472528A84A0008ABBD /* Info.plist */,
				53DBFEF4252ACBC9001578B4 /* 1.mp4 */,
				530D4EE3252E0619008E5F6E /* 2.mp4 */,
				535ECAFE252D9D09007E81DA /* 1.mp3 */,
				535ECB06252DFA10007E81DA /* 2.mp3 */,
			);
			path = LLAVFoundation;
			sourceTree = "<group>";
		};
		534FE24F2528A84B0008ABBD /* LLAVFoundationTests */ = {
			isa = PBXGroup;
			children = (
				534FE2502528A84B0008ABBD /* LLAVFoundationTests.swift */,
				534FE2522528A84B0008ABBD /* Info.plist */,
			);
			path = LLAVFoundationTests;
			sourceTree = "<group>";
		};
		534FE25A2528A84B0008ABBD /* LLAVFoundationUITests */ = {
			isa = PBXGroup;
			children = (
				534FE25B2528A84B0008ABBD /* LLAVFoundationUITests.swift */,
				534FE25D2528A84B0008ABBD /* Info.plist */,
			);
			path = LLAVFoundationUITests;
			sourceTree = "<group>";
		};
		535ECAF3252D9AD5007E81DA /* Audio */ = {
			isa = PBXGroup;
			children = (
				534FE2722528A8FC0008ABBD /* AudioController.swift */,
				534FE2732528A8FC0008ABBD /* AudioController.xib */,
			);
			path = Audio;
			sourceTree = "<group>";
		};
		535ECAF4252D9AEF007E81DA /* Asset */ = {
			isa = PBXGroup;
			children = (
				53DBFEE92529BD81001578B4 /* AssetController.swift */,
				53DBFEEA2529BD81001578B4 /* AssetController.xib */,
			);
			path = Asset;
			sourceTree = "<group>";
		};
		535ECAF5252D9AFE007E81DA /* Player */ = {
			isa = PBXGroup;
			children = (
				53DBFEFC252B2701001578B4 /* PlayerView.swift */,
				53DBFF01252B52C7001578B4 /* PlayerController.swift */,
				53DBFF02252B52C7001578B4 /* PlayerController.xib */,
			);
			path = Player;
			sourceTree = "<group>";
		};
		535ECAF6252D9B36007E81DA /* Separation */ = {
			isa = PBXGroup;
			children = (
				535ECAF7252D9B8D007E81DA /* SeparationController.swift */,
				535ECAF8252D9B8D007E81DA /* SeparationController.xib */,
			);
			path = Separation;
			sourceTree = "<group>";
		};
		53735712253FBD51009B5981 /* VideoToolBox */ = {
			isa = PBXGroup;
			children = (
				53735713253FBE01009B5981 /* VideoToolboxController.swift */,
				53735714253FBE01009B5981 /* VideoToolboxController.xib */,
				53432EC2253E61F0001E4616 /* VideoEncoder.swift */,
				5373570D253EE9C3009B5981 /* VideoDecoder.swift */,
				5373577825410CE1009B5981 /* AAPLEAGLLayer.h */,
				5373577725410CE1009B5981 /* AAPLEAGLLayer.m */,
				5373577625410CE0009B5981 /* LLAVFoundation-Bridging-Header.h */,
			);
			path = VideoToolBox;
			sourceTree = "<group>";
		};
/* End PBXGroup section */

/* Begin PBXNativeTarget section */
		534FE2352528A8480008ABBD /* LLAVFoundation */ = {
			isa = PBXNativeTarget;
			buildConfigurationList = 534FE2602528A84B0008ABBD /* Build configuration list for PBXNativeTarget "LLAVFoundation" */;
			buildPhases = (
				534FE2322528A8480008ABBD /* Sources */,
				534FE2332528A8480008ABBD /* Frameworks */,
				534FE2342528A8480008ABBD /* Resources */,
			);
			buildRules = (
			);
			dependencies = (
			);
			name = LLAVFoundation;
			productName = LLAVFoundation;
			productReference = 534FE2362528A8480008ABBD /* LLAVFoundation.app */;
			productType = "com.apple.product-type.application";
		};
		534FE24B2528A84B0008ABBD /* LLAVFoundationTests */ = {
			isa = PBXNativeTarget;
			buildConfigurationList = 534FE2632528A84B0008ABBD /* Build configuration list for PBXNativeTarget "LLAVFoundationTests" */;
			buildPhases = (
				534FE2482528A84B0008ABBD /* Sources */,
				534FE2492528A84B0008ABBD /* Frameworks */,
				534FE24A2528A84B0008ABBD /* Resources */,
			);
			buildRules = (
			);
			dependencies = (
				534FE24E2528A84B0008ABBD /* PBXTargetDependency */,
			);
			name = LLAVFoundationTests;
			productName = LLAVFoundationTests;
			productReference = 534FE24C2528A84B0008ABBD /* LLAVFoundationTests.xctest */;
			productType = "com.apple.product-type.bundle.unit-test";
		};
		534FE2562528A84B0008ABBD /* LLAVFoundationUITests */ = {
			isa = PBXNativeTarget;
			buildConfigurationList = 534FE2662528A84B0008ABBD /* Build configuration list for PBXNativeTarget "LLAVFoundationUITests" */;
			buildPhases = (
				534FE2532528A84B0008ABBD /* Sources */,
				534FE2542528A84B0008ABBD /* Frameworks */,
				534FE2552528A84B0008ABBD /* Resources */,
			);
			buildRules = (
			);
			dependencies = (
				534FE2592528A84B0008ABBD /* PBXTargetDependency */,
			);
			name = LLAVFoundationUITests;
			productName = LLAVFoundationUITests;
			productReference = 534FE2572528A84B0008ABBD /* LLAVFoundationUITests.xctest */;
			productType = "com.apple.product-type.bundle.ui-testing";
		};
/* End PBXNativeTarget section */

/* Begin PBXProject section */
		534FE22E2528A8480008ABBD /* Project object */ = {
			isa = PBXProject;
			attributes = {
				LastSwiftUpdateCheck = 1200;
				LastUpgradeCheck = 1200;
				TargetAttributes = {
					534FE2352528A8480008ABBD = {
						CreatedOnToolsVersion = 12.0.1;
						LastSwiftMigration = 1200;
					};
					534FE24B2528A84B0008ABBD = {
						CreatedOnToolsVersion = 12.0.1;
						TestTargetID = 534FE2352528A8480008ABBD;
					};
					534FE2562528A84B0008ABBD = {
						CreatedOnToolsVersion = 12.0.1;
						TestTargetID = 534FE2352528A8480008ABBD;
					};
				};
			};
			buildConfigurationList = 534FE2312528A8480008ABBD /* Build configuration list for PBXProject "LLAVFoundation" */;
			compatibilityVersion = "Xcode 9.3";
			developmentRegion = en;
			hasScannedForEncodings = 0;
			knownRegions = (
				en,
				Base,
			);
			mainGroup = 534FE22D2528A8480008ABBD;
			productRefGroup = 534FE2372528A8480008ABBD /* Products */;
			projectDirPath = "";
			projectRoot = "";
			targets = (
				534FE2352528A8480008ABBD /* LLAVFoundation */,
				534FE24B2528A84B0008ABBD /* LLAVFoundationTests */,
				534FE2562528A84B0008ABBD /* LLAVFoundationUITests */,
			);
		};
/* End PBXProject section */

/* Begin PBXResourcesBuildPhase section */
		534FE2342528A8480008ABBD /* Resources */ = {
			isa = PBXResourcesBuildPhase;
			buildActionMask = 2147483647;
			files = (
				530D4EE4252E0619008E5F6E /* 2.mp4 in Resources */,
				53DBFEEC2529BD81001578B4 /* AssetController.xib in Resources */,
				535ECB07252DFA10007E81DA /* 2.mp3 in Resources */,
				534FE2462528A84A0008ABBD /* LaunchScreen.storyboard in Resources */,
				534FE2432528A84A0008ABBD /* Assets.xcassets in Resources */,
				535ECAFA252D9B8D007E81DA /* SeparationController.xib in Resources */,
				530D4EEC252EB75F008E5F6E /* VideoCameraController.xib in Resources */,
				535ECAFF252D9D09007E81DA /* 1.mp3 in Resources */,
				53DBFEF5252ACBC9001578B4 /* 1.mp4 in Resources */,
				53DBFF04252B52C7001578B4 /* PlayerController.xib in Resources */,
				534FE2752528A8FC0008ABBD /* AudioController.xib in Resources */,
				534FE2412528A8480008ABBD /* Main.storyboard in Resources */,
				53735716253FBE01009B5981 /* VideoToolboxController.xib in Resources */,
			);
			runOnlyForDeploymentPostprocessing = 0;
		};
		534FE24A2528A84B0008ABBD /* Resources */ = {
			isa = PBXResourcesBuildPhase;
			buildActionMask = 2147483647;
			files = (
			);
			runOnlyForDeploymentPostprocessing = 0;
		};
		534FE2552528A84B0008ABBD /* Resources */ = {
			isa = PBXResourcesBuildPhase;
			buildActionMask = 2147483647;
			files = (
			);
			runOnlyForDeploymentPostprocessing = 0;
		};
/* End PBXResourcesBuildPhase section */

/* Begin PBXSourcesBuildPhase section */
		534FE2322528A8480008ABBD /* Sources */ = {
			isa = PBXSourcesBuildPhase;
			buildActionMask = 2147483647;
			files = (
				534FE23E2528A8480008ABBD /* ViewController.swift in Sources */,
				534FE23A2528A8480008ABBD /* AppDelegate.swift in Sources */,
				534FE2742528A8FC0008ABBD /* AudioController.swift in Sources */,
				53DBFEFD252B2701001578B4 /* PlayerView.swift in Sources */,
				53DBFF03252B52C7001578B4 /* PlayerController.swift in Sources */,
				53DBFEEB2529BD81001578B4 /* AssetController.swift in Sources */,
				5373570E253EE9C3009B5981 /* VideoDecoder.swift in Sources */,
				534FE23C2528A8480008ABBD /* SceneDelegate.swift in Sources */,
				530D4EEB252EB75F008E5F6E /* VideoCameraController.swift in Sources */,
				5373577925410CE1009B5981 /* AAPLEAGLLayer.m in Sources */,
				53735715253FBE01009B5981 /* VideoToolboxController.swift in Sources */,
				53432EC3253E61F0001E4616 /* VideoEncoder.swift in Sources */,
				535ECAF9252D9B8D007E81DA /* SeparationController.swift in Sources */,
			);
			runOnlyForDeploymentPostprocessing = 0;
		};
		534FE2482528A84B0008ABBD /* Sources */ = {
			isa = PBXSourcesBuildPhase;
			buildActionMask = 2147483647;
			files = (
				534FE2512528A84B0008ABBD /* LLAVFoundationTests.swift in Sources */,
			);
			runOnlyForDeploymentPostprocessing = 0;
		};
		534FE2532528A84B0008ABBD /* Sources */ = {
			isa = PBXSourcesBuildPhase;
			buildActionMask = 2147483647;
			files = (
				534FE25C2528A84B0008ABBD /* LLAVFoundationUITests.swift in Sources */,
			);
			runOnlyForDeploymentPostprocessing = 0;
		};
/* End PBXSourcesBuildPhase section */

/* Begin PBXTargetDependency section */
		534FE24E2528A84B0008ABBD /* PBXTargetDependency */ = {
			isa = PBXTargetDependency;
			target = 534FE2352528A8480008ABBD /* LLAVFoundation */;
			targetProxy = 534FE24D2528A84B0008ABBD /* PBXContainerItemProxy */;
		};
		534FE2592528A84B0008ABBD /* PBXTargetDependency */ = {
			isa = PBXTargetDependency;
			target = 534FE2352528A8480008ABBD /* LLAVFoundation */;
			targetProxy = 534FE2582528A84B0008ABBD /* PBXContainerItemProxy */;
		};
/* End PBXTargetDependency section */

/* Begin PBXVariantGroup section */
		534FE23F2528A8480008ABBD /* Main.storyboard */ = {
			isa = PBXVariantGroup;
			children = (
				534FE2402528A8480008ABBD /* Base */,
			);
			name = Main.storyboard;
			sourceTree = "<group>";
		};
		534FE2442528A84A0008ABBD /* LaunchScreen.storyboard */ = {
			isa = PBXVariantGroup;
			children = (
				534FE2452528A84A0008ABBD /* Base */,
			);
			name = LaunchScreen.storyboard;
			sourceTree = "<group>";
		};
/* End PBXVariantGroup section */

/* Begin XCBuildConfiguration section */
		534FE25E2528A84B0008ABBD /* Debug */ = {
			isa = XCBuildConfiguration;
			buildSettings = {
				ALWAYS_SEARCH_USER_PATHS = NO;
				CLANG_ANALYZER_NONNULL = YES;
				CLANG_ANALYZER_NUMBER_OBJECT_CONVERSION = YES_AGGRESSIVE;
				CLANG_CXX_LANGUAGE_STANDARD = "gnu++14";
				CLANG_CXX_LIBRARY = "libc++";
				CLANG_ENABLE_MODULES = YES;
				CLANG_ENABLE_OBJC_ARC = YES;
				CLANG_ENABLE_OBJC_WEAK = YES;
				CLANG_WARN_BLOCK_CAPTURE_AUTORELEASING = YES;
				CLANG_WARN_BOOL_CONVERSION = YES;
				CLANG_WARN_COMMA = YES;
				CLANG_WARN_CONSTANT_CONVERSION = YES;
				CLANG_WARN_DEPRECATED_OBJC_IMPLEMENTATIONS = YES;
				CLANG_WARN_DIRECT_OBJC_ISA_USAGE = YES_ERROR;
				CLANG_WARN_DOCUMENTATION_COMMENTS = YES;
				CLANG_WARN_EMPTY_BODY = YES;
				CLANG_WARN_ENUM_CONVERSION = YES;
				CLANG_WARN_INFINITE_RECURSION = YES;
				CLANG_WARN_INT_CONVERSION = YES;
				CLANG_WARN_NON_LITERAL_NULL_CONVERSION = YES;
				CLANG_WARN_OBJC_IMPLICIT_RETAIN_SELF = YES;
				CLANG_WARN_OBJC_LITERAL_CONVERSION = YES;
				CLANG_WARN_OBJC_ROOT_CLASS = YES_ERROR;
				CLANG_WARN_QUOTED_INCLUDE_IN_FRAMEWORK_HEADER = YES;
				CLANG_WARN_RANGE_LOOP_ANALYSIS = YES;
				CLANG_WARN_STRICT_PROTOTYPES = YES;
				CLANG_WARN_SUSPICIOUS_MOVE = YES;
				CLANG_WARN_UNGUARDED_AVAILABILITY = YES_AGGRESSIVE;
				CLANG_WARN_UNREACHABLE_CODE = YES;
				CLANG_WARN__DUPLICATE_METHOD_MATCH = YES;
				COPY_PHASE_STRIP = NO;
				DEBUG_INFORMATION_FORMAT = dwarf;
				ENABLE_STRICT_OBJC_MSGSEND = YES;
				ENABLE_TESTABILITY = YES;
				GCC_C_LANGUAGE_STANDARD = gnu11;
				GCC_DYNAMIC_NO_PIC = NO;
				GCC_NO_COMMON_BLOCKS = YES;
				GCC_OPTIMIZATION_LEVEL = 0;
				GCC_PREPROCESSOR_DEFINITIONS = (
					"DEBUG=1",
					"$(inherited)",
				);
				GCC_WARN_64_TO_32_BIT_CONVERSION = YES;
				GCC_WARN_ABOUT_RETURN_TYPE = YES_ERROR;
				GCC_WARN_UNDECLARED_SELECTOR = YES;
				GCC_WARN_UNINITIALIZED_AUTOS = YES_AGGRESSIVE;
				GCC_WARN_UNUSED_FUNCTION = YES;
				GCC_WARN_UNUSED_VARIABLE = YES;
				IPHONEOS_DEPLOYMENT_TARGET = 14.0;
				MTL_ENABLE_DEBUG_INFO = INCLUDE_SOURCE;
				MTL_FAST_MATH = YES;
				ONLY_ACTIVE_ARCH = YES;
				SDKROOT = iphoneos;
				SWIFT_ACTIVE_COMPILATION_CONDITIONS = DEBUG;
				SWIFT_OPTIMIZATION_LEVEL = "-Onone";
			};
			name = Debug;
		};
		534FE25F2528A84B0008ABBD /* Release */ = {
			isa = XCBuildConfiguration;
			buildSettings = {
				ALWAYS_SEARCH_USER_PATHS = NO;
				CLANG_ANALYZER_NONNULL = YES;
				CLANG_ANALYZER_NUMBER_OBJECT_CONVERSION = YES_AGGRESSIVE;
				CLANG_CXX_LANGUAGE_STANDARD = "gnu++14";
				CLANG_CXX_LIBRARY = "libc++";
				CLANG_ENABLE_MODULES = YES;
				CLANG_ENABLE_OBJC_ARC = YES;
				CLANG_ENABLE_OBJC_WEAK = YES;
				CLANG_WARN_BLOCK_CAPTURE_AUTORELEASING = YES;
				CLANG_WARN_BOOL_CONVERSION = YES;
				CLANG_WARN_COMMA = YES;
				CLANG_WARN_CONSTANT_CONVERSION = YES;
				CLANG_WARN_DEPRECATED_OBJC_IMPLEMENTATIONS = YES;
				CLANG_WARN_DIRECT_OBJC_ISA_USAGE = YES_ERROR;
				CLANG_WARN_DOCUMENTATION_COMMENTS = YES;
				CLANG_WARN_EMPTY_BODY = YES;
				CLANG_WARN_ENUM_CONVERSION = YES;
				CLANG_WARN_INFINITE_RECURSION = YES;
				CLANG_WARN_INT_CONVERSION = YES;
				CLANG_WARN_NON_LITERAL_NULL_CONVERSION = YES;
				CLANG_WARN_OBJC_IMPLICIT_RETAIN_SELF = YES;
				CLANG_WARN_OBJC_LITERAL_CONVERSION = YES;
				CLANG_WARN_OBJC_ROOT_CLASS = YES_ERROR;
				CLANG_WARN_QUOTED_INCLUDE_IN_FRAMEWORK_HEADER = YES;
				CLANG_WARN_RANGE_LOOP_ANALYSIS = YES;
				CLANG_WARN_STRICT_PROTOTYPES = YES;
				CLANG_WARN_SUSPICIOUS_MOVE = YES;
				CLANG_WARN_UNGUARDED_AVAILABILITY = YES_AGGRESSIVE;
				CLANG_WARN_UNREACHABLE_CODE = YES;
				CLANG_WARN__DUPLICATE_METHOD_MATCH = YES;
				COPY_PHASE_STRIP = NO;
				DEBUG_INFORMATION_FORMAT = "dwarf-with-dsym";
				ENABLE_NS_ASSERTIONS = NO;
				ENABLE_STRICT_OBJC_MSGSEND = YES;
				GCC_C_LANGUAGE_STANDARD = gnu11;
				GCC_NO_COMMON_BLOCKS = YES;
				GCC_WARN_64_TO_32_BIT_CONVERSION = YES;
				GCC_WARN_ABOUT_RETURN_TYPE = YES_ERROR;
				GCC_WARN_UNDECLARED_SELECTOR = YES;
				GCC_WARN_UNINITIALIZED_AUTOS = YES_AGGRESSIVE;
				GCC_WARN_UNUSED_FUNCTION = YES;
				GCC_WARN_UNUSED_VARIABLE = YES;
				IPHONEOS_DEPLOYMENT_TARGET = 14.0;
				MTL_ENABLE_DEBUG_INFO = NO;
				MTL_FAST_MATH = YES;
				SDKROOT = iphoneos;
				SWIFT_COMPILATION_MODE = wholemodule;
				SWIFT_OPTIMIZATION_LEVEL = "-O";
				VALIDATE_PRODUCT = YES;
			};
			name = Release;
		};
		534FE2612528A84B0008ABBD /* Debug */ = {
			isa = XCBuildConfiguration;
			buildSettings = {
				ASSETCATALOG_COMPILER_APPICON_NAME = AppIcon;
				ASSETCATALOG_COMPILER_GLOBAL_ACCENT_COLOR_NAME = AccentColor;
				CLANG_ENABLE_MODULES = YES;
				CODE_SIGN_STYLE = Automatic;
				DEVELOPMENT_TEAM = V43UX8WJSQ;
				INFOPLIST_FILE = LLAVFoundation/Info.plist;
				IPHONEOS_DEPLOYMENT_TARGET = 13.0;
				LD_RUNPATH_SEARCH_PATHS = (
					"$(inherited)",
					"@executable_path/Frameworks",
				);
				PRODUCT_BUNDLE_IDENTIFIER = "cn.Charles-Keith.LLAVFoundation";
				PRODUCT_NAME = "$(TARGET_NAME)";
				SWIFT_OBJC_BRIDGING_HEADER = "LLAVFoundation/VideoToolBox/LLAVFoundation-Bridging-Header.h";
				SWIFT_OPTIMIZATION_LEVEL = "-Onone";
				SWIFT_VERSION = 5.0;
				TARGETED_DEVICE_FAMILY = "1,2";
			};
			name = Debug;
		};
		534FE2622528A84B0008ABBD /* Release */ = {
			isa = XCBuildConfiguration;
			buildSettings = {
				ASSETCATALOG_COMPILER_APPICON_NAME = AppIcon;
				ASSETCATALOG_COMPILER_GLOBAL_ACCENT_COLOR_NAME = AccentColor;
				CLANG_ENABLE_MODULES = YES;
				CODE_SIGN_STYLE = Automatic;
				DEVELOPMENT_TEAM = V43UX8WJSQ;
				INFOPLIST_FILE = LLAVFoundation/Info.plist;
				IPHONEOS_DEPLOYMENT_TARGET = 13.0;
				LD_RUNPATH_SEARCH_PATHS = (
					"$(inherited)",
					"@executable_path/Frameworks",
				);
				PRODUCT_BUNDLE_IDENTIFIER = "cn.Charles-Keith.LLAVFoundation";
				PRODUCT_NAME = "$(TARGET_NAME)";
				SWIFT_OBJC_BRIDGING_HEADER = "LLAVFoundation/VideoToolBox/LLAVFoundation-Bridging-Header.h";
				SWIFT_VERSION = 5.0;
				TARGETED_DEVICE_FAMILY = "1,2";
			};
			name = Release;
		};
		534FE2642528A84B0008ABBD /* Debug */ = {
			isa = XCBuildConfiguration;
			buildSettings = {
				ALWAYS_EMBED_SWIFT_STANDARD_LIBRARIES = YES;
				BUNDLE_LOADER = "$(TEST_HOST)";
				CODE_SIGN_STYLE = Automatic;
				DEVELOPMENT_TEAM = V43UX8WJSQ;
				INFOPLIST_FILE = LLAVFoundationTests/Info.plist;
				IPHONEOS_DEPLOYMENT_TARGET = 14.0;
				LD_RUNPATH_SEARCH_PATHS = (
					"$(inherited)",
					"@executable_path/Frameworks",
					"@loader_path/Frameworks",
				);
				PRODUCT_BUNDLE_IDENTIFIER = "cn.Charles-Keith.LLAVFoundationTests";
				PRODUCT_NAME = "$(TARGET_NAME)";
				SWIFT_VERSION = 5.0;
				TARGETED_DEVICE_FAMILY = "1,2";
				TEST_HOST = "$(BUILT_PRODUCTS_DIR)/LLAVFoundation.app/LLAVFoundation";
			};
			name = Debug;
		};
		534FE2652528A84B0008ABBD /* Release */ = {
			isa = XCBuildConfiguration;
			buildSettings = {
				ALWAYS_EMBED_SWIFT_STANDARD_LIBRARIES = YES;
				BUNDLE_LOADER = "$(TEST_HOST)";
				CODE_SIGN_STYLE = Automatic;
				DEVELOPMENT_TEAM = V43UX8WJSQ;
				INFOPLIST_FILE = LLAVFoundationTests/Info.plist;
				IPHONEOS_DEPLOYMENT_TARGET = 14.0;
				LD_RUNPATH_SEARCH_PATHS = (
					"$(inherited)",
					"@executable_path/Frameworks",
					"@loader_path/Frameworks",
				);
				PRODUCT_BUNDLE_IDENTIFIER = "cn.Charles-Keith.LLAVFoundationTests";
				PRODUCT_NAME = "$(TARGET_NAME)";
				SWIFT_VERSION = 5.0;
				TARGETED_DEVICE_FAMILY = "1,2";
				TEST_HOST = "$(BUILT_PRODUCTS_DIR)/LLAVFoundation.app/LLAVFoundation";
			};
			name = Release;
		};
		534FE2672528A84B0008ABBD /* Debug */ = {
			isa = XCBuildConfiguration;
			buildSettings = {
				ALWAYS_EMBED_SWIFT_STANDARD_LIBRARIES = YES;
				CODE_SIGN_STYLE = Automatic;
				DEVELOPMENT_TEAM = V43UX8WJSQ;
				INFOPLIST_FILE = LLAVFoundationUITests/Info.plist;
				LD_RUNPATH_SEARCH_PATHS = (
					"$(inherited)",
					"@executable_path/Frameworks",
					"@loader_path/Frameworks",
				);
				PRODUCT_BUNDLE_IDENTIFIER = "cn.Charles-Keith.LLAVFoundationUITests";
				PRODUCT_NAME = "$(TARGET_NAME)";
				SWIFT_VERSION = 5.0;
				TARGETED_DEVICE_FAMILY = "1,2";
				TEST_TARGET_NAME = LLAVFoundation;
			};
			name = Debug;
		};
		534FE2682528A84B0008ABBD /* Release */ = {
			isa = XCBuildConfiguration;
			buildSettings = {
				ALWAYS_EMBED_SWIFT_STANDARD_LIBRARIES = YES;
				CODE_SIGN_STYLE = Automatic;
				DEVELOPMENT_TEAM = V43UX8WJSQ;
				INFOPLIST_FILE = LLAVFoundationUITests/Info.plist;
				LD_RUNPATH_SEARCH_PATHS = (
					"$(inherited)",
					"@executable_path/Frameworks",
					"@loader_path/Frameworks",
				);
				PRODUCT_BUNDLE_IDENTIFIER = "cn.Charles-Keith.LLAVFoundationUITests";
				PRODUCT_NAME = "$(TARGET_NAME)";
				SWIFT_VERSION = 5.0;
				TARGETED_DEVICE_FAMILY = "1,2";
				TEST_TARGET_NAME = LLAVFoundation;
			};
			name = Release;
		};
/* End XCBuildConfiguration section */

/* Begin XCConfigurationList section */
		534FE2312528A8480008ABBD /* Build configuration list for PBXProject "LLAVFoundation" */ = {
			isa = XCConfigurationList;
			buildConfigurations = (
				534FE25E2528A84B0008ABBD /* Debug */,
				534FE25F2528A84B0008ABBD /* Release */,
			);
			defaultConfigurationIsVisible = 0;
			defaultConfigurationName = Release;
		};
		534FE2602528A84B0008ABBD /* Build configuration list for PBXNativeTarget "LLAVFoundation" */ = {
			isa = XCConfigurationList;
			buildConfigurations = (
				534FE2612528A84B0008ABBD /* Debug */,
				534FE2622528A84B0008ABBD /* Release */,
			);
			defaultConfigurationIsVisible = 0;
			defaultConfigurationName = Release;
		};
		534FE2632528A84B0008ABBD /* Build configuration list for PBXNativeTarget "LLAVFoundationTests" */ = {
			isa = XCConfigurationList;
			buildConfigurations = (
				534FE2642528A84B0008ABBD /* Debug */,
				534FE2652528A84B0008ABBD /* Release */,
			);
			defaultConfigurationIsVisible = 0;
			defaultConfigurationName = Release;
		};
		534FE2662528A84B0008ABBD /* Build configuration list for PBXNativeTarget "LLAVFoundationUITests" */ = {
			isa = XCConfigurationList;
			buildConfigurations = (
				534FE2672528A84B0008ABBD /* Debug */,
				534FE2682528A84B0008ABBD /* Release */,
			);
			defaultConfigurationIsVisible = 0;
			defaultConfigurationName = Release;
		};
/* End XCConfigurationList section */
	};
	rootObject = 534FE22E2528A8480008ABBD /* Project object */;
}
