// !$*UTF8*$!
{
	archiveVersion = 1;
	classes = {
	};
	objectVersion = 50;
	objects = {

/* Begin PBXBuildFile section */
		535B8D782524110B00649F30 /* AppDelegate.swift in Sources */ = {isa = PBXBuildFile; fileRef = 535B8D772524110B00649F30 /* AppDelegate.swift */; };
		535B8D7A2524110B00649F30 /* SceneDelegate.swift in Sources */ = {isa = PBXBuildFile; fileRef = 535B8D792524110B00649F30 /* SceneDelegate.swift */; };
		535B8D7C2524110B00649F30 /* ViewController.swift in Sources */ = {isa = PBXBuildFile; fileRef = 535B8D7B2524110B00649F30 /* ViewController.swift */; };
		535B8D7F2524110B00649F30 /* Main.storyboard in Resources */ = {isa = PBXBuildFile; fileRef = 535B8D7D2524110B00649F30 /* Main.storyboard */; };
		535B8D812524110D00649F30 /* Assets.xcassets in Resources */ = {isa = PBXBuildFile; fileRef = 535B8D802524110D00649F30 /* Assets.xcassets */; };
		535B8D842524110D00649F30 /* LaunchScreen.storyboard in Resources */ = {isa = PBXBuildFile; fileRef = 535B8D822524110D00649F30 /* LaunchScreen.storyboard */; };
		535B8D8F2524110E00649F30 /* AVFoundationTests.swift in Sources */ = {isa = PBXBuildFile; fileRef = 535B8D8E2524110E00649F30 /* AVFoundationTests.swift */; };
		535B8D9A2524110E00649F30 /* AVFoundationUITests.swift in Sources */ = {isa = PBXBuildFile; fileRef = 535B8D992524110E00649F30 /* AVFoundationUITests.swift */; };
/* End PBXBuildFile section */

/* Begin PBXContainerItemProxy section */
		535B8D8B2524110E00649F30 /* PBXContainerItemProxy */ = {
			isa = PBXContainerItemProxy;
			containerPortal = 535B8D6C2524110B00649F30 /* Project object */;
			proxyType = 1;
			remoteGlobalIDString = 535B8D732524110B00649F30;
			remoteInfo = AVFoundation;
		};
		535B8D962524110E00649F30 /* PBXContainerItemProxy */ = {
			isa = PBXContainerItemProxy;
			containerPortal = 535B8D6C2524110B00649F30 /* Project object */;
			proxyType = 1;
			remoteGlobalIDString = 535B8D732524110B00649F30;
			remoteInfo = AVFoundation;
		};
/* End PBXContainerItemProxy section */

/* Begin PBXFileReference section */
		535B8D742524110B00649F30 /* AVFoundation.app */ = {isa = PBXFileReference; explicitFileType = wrapper.application; includeInIndex = 0; path = AVFoundation.app; sourceTree = BUILT_PRODUCTS_DIR; };
		535B8D772524110B00649F30 /* AppDelegate.swift */ = {isa = PBXFileReference; lastKnownFileType = sourcecode.swift; path = AppDelegate.swift; sourceTree = "<group>"; };
		535B8D792524110B00649F30 /* SceneDelegate.swift */ = {isa = PBXFileReference; lastKnownFileType = sourcecode.swift; path = SceneDelegate.swift; sourceTree = "<group>"; };
		535B8D7B2524110B00649F30 /* ViewController.swift */ = {isa = PBXFileReference; lastKnownFileType = sourcecode.swift; path = ViewController.swift; sourceTree = "<group>"; };
		535B8D7E2524110B00649F30 /* Base */ = {isa = PBXFileReference; lastKnownFileType = file.storyboard; name = Base; path = Base.lproj/Main.storyboard; sourceTree = "<group>"; };
		535B8D802524110D00649F30 /* Assets.xcassets */ = {isa = PBXFileReference; lastKnownFileType = folder.assetcatalog; path = Assets.xcassets; sourceTree = "<group>"; };
		535B8D832524110D00649F30 /* Base */ = {isa = PBXFileReference; lastKnownFileType = file.storyboard; name = Base; path = Base.lproj/LaunchScreen.storyboard; sourceTree = "<group>"; };
		535B8D852524110D00649F30 /* Info.plist */ = {isa = PBXFileReference; lastKnownFileType = text.plist.xml; path = Info.plist; sourceTree = "<group>"; };
		535B8D8A2524110E00649F30 /* AVFoundationTests.xctest */ = {isa = PBXFileReference; explicitFileType = wrapper.cfbundle; includeInIndex = 0; path = AVFoundationTests.xctest; sourceTree = BUILT_PRODUCTS_DIR; };
		535B8D8E2524110E00649F30 /* AVFoundationTests.swift */ = {isa = PBXFileReference; lastKnownFileType = sourcecode.swift; path = AVFoundationTests.swift; sourceTree = "<group>"; };
		535B8D902524110E00649F30 /* Info.plist */ = {isa = PBXFileReference; lastKnownFileType = text.plist.xml; path = Info.plist; sourceTree = "<group>"; };
		535B8D952524110E00649F30 /* AVFoundationUITests.xctest */ = {isa = PBXFileReference; explicitFileType = wrapper.cfbundle; includeInIndex = 0; path = AVFoundationUITests.xctest; sourceTree = BUILT_PRODUCTS_DIR; };
		535B8D992524110E00649F30 /* AVFoundationUITests.swift */ = {isa = PBXFileReference; lastKnownFileType = sourcecode.swift; path = AVFoundationUITests.swift; sourceTree = "<group>"; };
		535B8D9B2524110E00649F30 /* Info.plist */ = {isa = PBXFileReference; lastKnownFileType = text.plist.xml; path = Info.plist; sourceTree = "<group>"; };
/* End PBXFileReference section */

/* Begin PBXFrameworksBuildPhase section */
		535B8D712524110B00649F30 /* Frameworks */ = {
			isa = PBXFrameworksBuildPhase;
			buildActionMask = 2147483647;
			files = (
			);
			runOnlyForDeploymentPostprocessing = 0;
		};
		535B8D872524110E00649F30 /* Frameworks */ = {
			isa = PBXFrameworksBuildPhase;
			buildActionMask = 2147483647;
			files = (
			);
			runOnlyForDeploymentPostprocessing = 0;
		};
		535B8D922524110E00649F30 /* Frameworks */ = {
			isa = PBXFrameworksBuildPhase;
			buildActionMask = 2147483647;
			files = (
			);
			runOnlyForDeploymentPostprocessing = 0;
		};
/* End PBXFrameworksBuildPhase section */

/* Begin PBXGroup section */
		535B8D6B2524110B00649F30 = {
			isa = PBXGroup;
			children = (
				535B8D762524110B00649F30 /* AVFoundation */,
				535B8D8D2524110E00649F30 /* AVFoundationTests */,
				535B8D982524110E00649F30 /* AVFoundationUITests */,
				535B8D752524110B00649F30 /* Products */,
			);
			sourceTree = "<group>";
		};
		535B8D752524110B00649F30 /* Products */ = {
			isa = PBXGroup;
			children = (
				535B8D742524110B00649F30 /* AVFoundation.app */,
				535B8D8A2524110E00649F30 /* AVFoundationTests.xctest */,
				535B8D952524110E00649F30 /* AVFoundationUITests.xctest */,
			);
			name = Products;
			sourceTree = "<group>";
		};
		535B8D762524110B00649F30 /* AVFoundation */ = {
			isa = PBXGroup;
			children = (
				535B8D772524110B00649F30 /* AppDelegate.swift */,
				535B8D792524110B00649F30 /* SceneDelegate.swift */,
				535B8D7B2524110B00649F30 /* ViewController.swift */,
				535B8D7D2524110B00649F30 /* Main.storyboard */,
				535B8D802524110D00649F30 /* Assets.xcassets */,
				535B8D822524110D00649F30 /* LaunchScreen.storyboard */,
				535B8D852524110D00649F30 /* Info.plist */,
			);
			path = AVFoundation;
			sourceTree = "<group>";
		};
		535B8D8D2524110E00649F30 /* AVFoundationTests */ = {
			isa = PBXGroup;
			children = (
				535B8D8E2524110E00649F30 /* AVFoundationTests.swift */,
				535B8D902524110E00649F30 /* Info.plist */,
			);
			path = AVFoundationTests;
			sourceTree = "<group>";
		};
		535B8D982524110E00649F30 /* AVFoundationUITests */ = {
			isa = PBXGroup;
			children = (
				535B8D992524110E00649F30 /* AVFoundationUITests.swift */,
				535B8D9B2524110E00649F30 /* Info.plist */,
			);
			path = AVFoundationUITests;
			sourceTree = "<group>";
		};
/* End PBXGroup section */

/* Begin PBXNativeTarget section */
		535B8D732524110B00649F30 /* AVFoundation */ = {
			isa = PBXNativeTarget;
			buildConfigurationList = 535B8D9E2524110E00649F30 /* Build configuration list for PBXNativeTarget "AVFoundation" */;
			buildPhases = (
				535B8D702524110B00649F30 /* Sources */,
				535B8D712524110B00649F30 /* Frameworks */,
				535B8D722524110B00649F30 /* Resources */,
			);
			buildRules = (
			);
			dependencies = (
			);
			name = AVFoundation;
			productName = AVFoundation;
			productReference = 535B8D742524110B00649F30 /* AVFoundation.app */;
			productType = "com.apple.product-type.application";
		};
		535B8D892524110E00649F30 /* AVFoundationTests */ = {
			isa = PBXNativeTarget;
			buildConfigurationList = 535B8DA12524110E00649F30 /* Build configuration list for PBXNativeTarget "AVFoundationTests" */;
			buildPhases = (
				535B8D862524110E00649F30 /* Sources */,
				535B8D872524110E00649F30 /* Frameworks */,
				535B8D882524110E00649F30 /* Resources */,
			);
			buildRules = (
			);
			dependencies = (
				535B8D8C2524110E00649F30 /* PBXTargetDependency */,
			);
			name = AVFoundationTests;
			productName = AVFoundationTests;
			productReference = 535B8D8A2524110E00649F30 /* AVFoundationTests.xctest */;
			productType = "com.apple.product-type.bundle.unit-test";
		};
		535B8D942524110E00649F30 /* AVFoundationUITests */ = {
			isa = PBXNativeTarget;
			buildConfigurationList = 535B8DA42524110E00649F30 /* Build configuration list for PBXNativeTarget "AVFoundationUITests" */;
			buildPhases = (
				535B8D912524110E00649F30 /* Sources */,
				535B8D922524110E00649F30 /* Frameworks */,
				535B8D932524110E00649F30 /* Resources */,
			);
			buildRules = (
			);
			dependencies = (
				535B8D972524110E00649F30 /* PBXTargetDependency */,
			);
			name = AVFoundationUITests;
			productName = AVFoundationUITests;
			productReference = 535B8D952524110E00649F30 /* AVFoundationUITests.xctest */;
			productType = "com.apple.product-type.bundle.ui-testing";
		};
/* End PBXNativeTarget section */

/* Begin PBXProject section */
		535B8D6C2524110B00649F30 /* Project object */ = {
			isa = PBXProject;
			attributes = {
				LastSwiftUpdateCheck = 1200;
				LastUpgradeCheck = 1200;
				TargetAttributes = {
					535B8D732524110B00649F30 = {
						CreatedOnToolsVersion = 12.0.1;
					};
					535B8D892524110E00649F30 = {
						CreatedOnToolsVersion = 12.0.1;
						TestTargetID = 535B8D732524110B00649F30;
					};
					535B8D942524110E00649F30 = {
						CreatedOnToolsVersion = 12.0.1;
						TestTargetID = 535B8D732524110B00649F30;
					};
				};
			};
			buildConfigurationList = 535B8D6F2524110B00649F30 /* Build configuration list for PBXProject "AVFoundation" */;
			compatibilityVersion = "Xcode 9.3";
			developmentRegion = en;
			hasScannedForEncodings = 0;
			knownRegions = (
				en,
				Base,
			);
			mainGroup = 535B8D6B2524110B00649F30;
			productRefGroup = 535B8D752524110B00649F30 /* Products */;
			projectDirPath = "";
			projectRoot = "";
			targets = (
				535B8D732524110B00649F30 /* AVFoundation */,
				535B8D892524110E00649F30 /* AVFoundationTests */,
				535B8D942524110E00649F30 /* AVFoundationUITests */,
			);
		};
/* End PBXProject section */

/* Begin PBXResourcesBuildPhase section */
		535B8D722524110B00649F30 /* Resources */ = {
			isa = PBXResourcesBuildPhase;
			buildActionMask = 2147483647;
			files = (
				535B8D842524110D00649F30 /* LaunchScreen.storyboard in Resources */,
				535B8D812524110D00649F30 /* Assets.xcassets in Resources */,
				535B8D7F2524110B00649F30 /* Main.storyboard in Resources */,
			);
			runOnlyForDeploymentPostprocessing = 0;
		};
		535B8D882524110E00649F30 /* Resources */ = {
			isa = PBXResourcesBuildPhase;
			buildActionMask = 2147483647;
			files = (
			);
			runOnlyForDeploymentPostprocessing = 0;
		};
		535B8D932524110E00649F30 /* Resources */ = {
			isa = PBXResourcesBuildPhase;
			buildActionMask = 2147483647;
			files = (
			);
			runOnlyForDeploymentPostprocessing = 0;
		};
/* End PBXResourcesBuildPhase section */

/* Begin PBXSourcesBuildPhase section */
		535B8D702524110B00649F30 /* Sources */ = {
			isa = PBXSourcesBuildPhase;
			buildActionMask = 2147483647;
			files = (
				535B8D7C2524110B00649F30 /* ViewController.swift in Sources */,
				535B8D782524110B00649F30 /* AppDelegate.swift in Sources */,
				535B8D7A2524110B00649F30 /* SceneDelegate.swift in Sources */,
			);
			runOnlyForDeploymentPostprocessing = 0;
		};
		535B8D862524110E00649F30 /* Sources */ = {
			isa = PBXSourcesBuildPhase;
			buildActionMask = 2147483647;
			files = (
				535B8D8F2524110E00649F30 /* AVFoundationTests.swift in Sources */,
			);
			runOnlyForDeploymentPostprocessing = 0;
		};
		535B8D912524110E00649F30 /* Sources */ = {
			isa = PBXSourcesBuildPhase;
			buildActionMask = 2147483647;
			files = (
				535B8D9A2524110E00649F30 /* AVFoundationUITests.swift in Sources */,
			);
			runOnlyForDeploymentPostprocessing = 0;
		};
/* End PBXSourcesBuildPhase section */

/* Begin PBXTargetDependency section */
		535B8D8C2524110E00649F30 /* PBXTargetDependency */ = {
			isa = PBXTargetDependency;
			target = 535B8D732524110B00649F30 /* AVFoundation */;
			targetProxy = 535B8D8B2524110E00649F30 /* PBXContainerItemProxy */;
		};
		535B8D972524110E00649F30 /* PBXTargetDependency */ = {
			isa = PBXTargetDependency;
			target = 535B8D732524110B00649F30 /* AVFoundation */;
			targetProxy = 535B8D962524110E00649F30 /* PBXContainerItemProxy */;
		};
/* End PBXTargetDependency section */

/* Begin PBXVariantGroup section */
		535B8D7D2524110B00649F30 /* Main.storyboard */ = {
			isa = PBXVariantGroup;
			children = (
				535B8D7E2524110B00649F30 /* Base */,
			);
			name = Main.storyboard;
			sourceTree = "<group>";
		};
		535B8D822524110D00649F30 /* LaunchScreen.storyboard */ = {
			isa = PBXVariantGroup;
			children = (
				535B8D832524110D00649F30 /* Base */,
			);
			name = LaunchScreen.storyboard;
			sourceTree = "<group>";
		};
/* End PBXVariantGroup section */

/* Begin XCBuildConfiguration section */
		535B8D9C2524110E00649F30 /* Debug */ = {
			isa = XCBuildConfiguration;
			buildSettings = {
				ALWAYS_SEARCH_USER_PATHS = NO;
				CLANG_ANALYZER_NONNULL = YES;
				CLANG_ANALYZER_NUMBER_OBJECT_CONVERSION = YES_AGGRESSIVE;
				CLANG_CXX_LANGUAGE_STANDARD = "gnu++14";
				CLANG_CXX_LIBRARY = "libc++";
				CLANG_ENABLE_MODULES = YES;
				CLANG_ENABLE_OBJC_ARC = YES;
				CLANG_ENABLE_OBJC_WEAK = YES;
				CLANG_WARN_BLOCK_CAPTURE_AUTORELEASING = YES;
				CLANG_WARN_BOOL_CONVERSION = YES;
				CLANG_WARN_COMMA = YES;
				CLANG_WARN_CONSTANT_CONVERSION = YES;
				CLANG_WARN_DEPRECATED_OBJC_IMPLEMENTATIONS = YES;
				CLANG_WARN_DIRECT_OBJC_ISA_USAGE = YES_ERROR;
				CLANG_WARN_DOCUMENTATION_COMMENTS = YES;
				CLANG_WARN_EMPTY_BODY = YES;
				CLANG_WARN_ENUM_CONVERSION = YES;
				CLANG_WARN_INFINITE_RECURSION = YES;
				CLANG_WARN_INT_CONVERSION = YES;
				CLANG_WARN_NON_LITERAL_NULL_CONVERSION = YES;
				CLANG_WARN_OBJC_IMPLICIT_RETAIN_SELF = YES;
				CLANG_WARN_OBJC_LITERAL_CONVERSION = YES;
				CLANG_WARN_OBJC_ROOT_CLASS = YES_ERROR;
				CLANG_WARN_QUOTED_INCLUDE_IN_FRAMEWORK_HEADER = YES;
				CLANG_WARN_RANGE_LOOP_ANALYSIS = YES;
				CLANG_WARN_STRICT_PROTOTYPES = YES;
				CLANG_WARN_SUSPICIOUS_MOVE = YES;
				CLANG_WARN_UNGUARDED_AVAILABILITY = YES_AGGRESSIVE;
				CLANG_WARN_UNREACHABLE_CODE = YES;
				CLANG_WARN__DUPLICATE_METHOD_MATCH = YES;
				COPY_PHASE_STRIP = NO;
				DEBUG_INFORMATION_FORMAT = dwarf;
				ENABLE_STRICT_OBJC_MSGSEND = YES;
				ENABLE_TESTABILITY = YES;
				GCC_C_LANGUAGE_STANDARD = gnu11;
				GCC_DYNAMIC_NO_PIC = NO;
				GCC_NO_COMMON_BLOCKS = YES;
				GCC_OPTIMIZATION_LEVEL = 0;
				GCC_PREPROCESSOR_DEFINITIONS = (
					"DEBUG=1",
					"$(inherited)",
				);
				GCC_WARN_64_TO_32_BIT_CONVERSION = YES;
				GCC_WARN_ABOUT_RETURN_TYPE = YES_ERROR;
				GCC_WARN_UNDECLARED_SELECTOR = YES;
				GCC_WARN_UNINITIALIZED_AUTOS = YES_AGGRESSIVE;
				GCC_WARN_UNUSED_FUNCTION = YES;
				GCC_WARN_UNUSED_VARIABLE = YES;
				IPHONEOS_DEPLOYMENT_TARGET = 14.0;
				MTL_ENABLE_DEBUG_INFO = INCLUDE_SOURCE;
				MTL_FAST_MATH = YES;
				ONLY_ACTIVE_ARCH = YES;
				SDKROOT = iphoneos;
				SWIFT_ACTIVE_COMPILATION_CONDITIONS = DEBUG;
				SWIFT_OPTIMIZATION_LEVEL = "-Onone";
			};
			name = Debug;
		};
		535B8D9D2524110E00649F30 /* Release */ = {
			isa = XCBuildConfiguration;
			buildSettings = {
				ALWAYS_SEARCH_USER_PATHS = NO;
				CLANG_ANALYZER_NONNULL = YES;
				CLANG_ANALYZER_NUMBER_OBJECT_CONVERSION = YES_AGGRESSIVE;
				CLANG_CXX_LANGUAGE_STANDARD = "gnu++14";
				CLANG_CXX_LIBRARY = "libc++";
				CLANG_ENABLE_MODULES = YES;
				CLANG_ENABLE_OBJC_ARC = YES;
				CLANG_ENABLE_OBJC_WEAK = YES;
				CLANG_WARN_BLOCK_CAPTURE_AUTORELEASING = YES;
				CLANG_WARN_BOOL_CONVERSION = YES;
				CLANG_WARN_COMMA = YES;
				CLANG_WARN_CONSTANT_CONVERSION = YES;
				CLANG_WARN_DEPRECATED_OBJC_IMPLEMENTATIONS = YES;
				CLANG_WARN_DIRECT_OBJC_ISA_USAGE = YES_ERROR;
				CLANG_WARN_DOCUMENTATION_COMMENTS = YES;
				CLANG_WARN_EMPTY_BODY = YES;
				CLANG_WARN_ENUM_CONVERSION = YES;
				CLANG_WARN_INFINITE_RECURSION = YES;
				CLANG_WARN_INT_CONVERSION = YES;
				CLANG_WARN_NON_LITERAL_NULL_CONVERSION = YES;
				CLANG_WARN_OBJC_IMPLICIT_RETAIN_SELF = YES;
				CLANG_WARN_OBJC_LITERAL_CONVERSION = YES;
				CLANG_WARN_OBJC_ROOT_CLASS = YES_ERROR;
				CLANG_WARN_QUOTED_INCLUDE_IN_FRAMEWORK_HEADER = YES;
				CLANG_WARN_RANGE_LOOP_ANALYSIS = YES;
				CLANG_WARN_STRICT_PROTOTYPES = YES;
				CLANG_WARN_SUSPICIOUS_MOVE = YES;
				CLANG_WARN_UNGUARDED_AVAILABILITY = YES_AGGRESSIVE;
				CLANG_WARN_UNREACHABLE_CODE = YES;
				CLANG_WARN__DUPLICATE_METHOD_MATCH = YES;
				COPY_PHASE_STRIP = NO;
				DEBUG_INFORMATION_FORMAT = "dwarf-with-dsym";
				ENABLE_NS_ASSERTIONS = NO;
				ENABLE_STRICT_OBJC_MSGSEND = YES;
				GCC_C_LANGUAGE_STANDARD = gnu11;
				GCC_NO_COMMON_BLOCKS = YES;
				GCC_WARN_64_TO_32_BIT_CONVERSION = YES;
				GCC_WARN_ABOUT_RETURN_TYPE = YES_ERROR;
				GCC_WARN_UNDECLARED_SELECTOR = YES;
				GCC_WARN_UNINITIALIZED_AUTOS = YES_AGGRESSIVE;
				GCC_WARN_UNUSED_FUNCTION = YES;
				GCC_WARN_UNUSED_VARIABLE = YES;
				IPHONEOS_DEPLOYMENT_TARGET = 14.0;
				MTL_ENABLE_DEBUG_INFO = NO;
				MTL_FAST_MATH = YES;
				SDKROOT = iphoneos;
				SWIFT_COMPILATION_MODE = wholemodule;
				SWIFT_OPTIMIZATION_LEVEL = "-O";
				VALIDATE_PRODUCT = YES;
			};
			name = Release;
		};
		535B8D9F2524110E00649F30 /* Debug */ = {
			isa = XCBuildConfiguration;
			buildSettings = {
				ASSETCATALOG_COMPILER_APPICON_NAME = AppIcon;
				ASSETCATALOG_COMPILER_GLOBAL_ACCENT_COLOR_NAME = AccentColor;
				CODE_SIGN_STYLE = Automatic;
				DEVELOPMENT_TEAM = V43UX8WJSQ;
				INFOPLIST_FILE = AVFoundation/Info.plist;
				LD_RUNPATH_SEARCH_PATHS = (
					"$(inherited)",
					"@executable_path/Frameworks",
				);
				PRODUCT_BUNDLE_IDENTIFIER = "cn.Charles-Keith.AVFoundation";
				PRODUCT_NAME = "$(TARGET_NAME)";
				SWIFT_VERSION = 5.0;
				TARGETED_DEVICE_FAMILY = "1,2";
			};
			name = Debug;
		};
		535B8DA02524110E00649F30 /* Release */ = {
			isa = XCBuildConfiguration;
			buildSettings = {
				ASSETCATALOG_COMPILER_APPICON_NAME = AppIcon;
				ASSETCATALOG_COMPILER_GLOBAL_ACCENT_COLOR_NAME = AccentColor;
				CODE_SIGN_STYLE = Automatic;
				DEVELOPMENT_TEAM = V43UX8WJSQ;
				INFOPLIST_FILE = AVFoundation/Info.plist;
				LD_RUNPATH_SEARCH_PATHS = (
					"$(inherited)",
					"@executable_path/Frameworks",
				);
				PRODUCT_BUNDLE_IDENTIFIER = "cn.Charles-Keith.AVFoundation";
				PRODUCT_NAME = "$(TARGET_NAME)";
				SWIFT_VERSION = 5.0;
				TARGETED_DEVICE_FAMILY = "1,2";
			};
			name = Release;
		};
		535B8DA22524110E00649F30 /* Debug */ = {
			isa = XCBuildConfiguration;
			buildSettings = {
				ALWAYS_EMBED_SWIFT_STANDARD_LIBRARIES = YES;
				BUNDLE_LOADER = "$(TEST_HOST)";
				CODE_SIGN_STYLE = Automatic;
				DEVELOPMENT_TEAM = V43UX8WJSQ;
				INFOPLIST_FILE = AVFoundationTests/Info.plist;
				IPHONEOS_DEPLOYMENT_TARGET = 14.0;
				LD_RUNPATH_SEARCH_PATHS = (
					"$(inherited)",
					"@executable_path/Frameworks",
					"@loader_path/Frameworks",
				);
				PRODUCT_BUNDLE_IDENTIFIER = "cn.Charles-Keith.AVFoundationTests";
				PRODUCT_NAME = "$(TARGET_NAME)";
				SWIFT_VERSION = 5.0;
				TARGETED_DEVICE_FAMILY = "1,2";
				TEST_HOST = "$(BUILT_PRODUCTS_DIR)/AVFoundation.app/AVFoundation";
			};
			name = Debug;
		};
		535B8DA32524110E00649F30 /* Release */ = {
			isa = XCBuildConfiguration;
			buildSettings = {
				ALWAYS_EMBED_SWIFT_STANDARD_LIBRARIES = YES;
				BUNDLE_LOADER = "$(TEST_HOST)";
				CODE_SIGN_STYLE = Automatic;
				DEVELOPMENT_TEAM = V43UX8WJSQ;
				INFOPLIST_FILE = AVFoundationTests/Info.plist;
				IPHONEOS_DEPLOYMENT_TARGET = 14.0;
				LD_RUNPATH_SEARCH_PATHS = (
					"$(inherited)",
					"@executable_path/Frameworks",
					"@loader_path/Frameworks",
				);
				PRODUCT_BUNDLE_IDENTIFIER = "cn.Charles-Keith.AVFoundationTests";
				PRODUCT_NAME = "$(TARGET_NAME)";
				SWIFT_VERSION = 5.0;
				TARGETED_DEVICE_FAMILY = "1,2";
				TEST_HOST = "$(BUILT_PRODUCTS_DIR)/AVFoundation.app/AVFoundation";
			};
			name = Release;
		};
		535B8DA52524110E00649F30 /* Debug */ = {
			isa = XCBuildConfiguration;
			buildSettings = {
				ALWAYS_EMBED_SWIFT_STANDARD_LIBRARIES = YES;
				CODE_SIGN_STYLE = Automatic;
				DEVELOPMENT_TEAM = V43UX8WJSQ;
				INFOPLIST_FILE = AVFoundationUITests/Info.plist;
				LD_RUNPATH_SEARCH_PATHS = (
					"$(inherited)",
					"@executable_path/Frameworks",
					"@loader_path/Frameworks",
				);
				PRODUCT_BUNDLE_IDENTIFIER = "cn.Charles-Keith.AVFoundationUITests";
				PRODUCT_NAME = "$(TARGET_NAME)";
				SWIFT_VERSION = 5.0;
				TARGETED_DEVICE_FAMILY = "1,2";
				TEST_TARGET_NAME = AVFoundation;
			};
			name = Debug;
		};
		535B8DA62524110E00649F30 /* Release */ = {
			isa = XCBuildConfiguration;
			buildSettings = {
				ALWAYS_EMBED_SWIFT_STANDARD_LIBRARIES = YES;
				CODE_SIGN_STYLE = Automatic;
				DEVELOPMENT_TEAM = V43UX8WJSQ;
				INFOPLIST_FILE = AVFoundationUITests/Info.plist;
				LD_RUNPATH_SEARCH_PATHS = (
					"$(inherited)",
					"@executable_path/Frameworks",
					"@loader_path/Frameworks",
				);
				PRODUCT_BUNDLE_IDENTIFIER = "cn.Charles-Keith.AVFoundationUITests";
				PRODUCT_NAME = "$(TARGET_NAME)";
				SWIFT_VERSION = 5.0;
				TARGETED_DEVICE_FAMILY = "1,2";
				TEST_TARGET_NAME = AVFoundation;
			};
			name = Release;
		};
/* End XCBuildConfiguration section */

/* Begin XCConfigurationList section */
		535B8D6F2524110B00649F30 /* Build configuration list for PBXProject "AVFoundation" */ = {
			isa = XCConfigurationList;
			buildConfigurations = (
				535B8D9C2524110E00649F30 /* Debug */,
				535B8D9D2524110E00649F30 /* Release */,
			);
			defaultConfigurationIsVisible = 0;
			defaultConfigurationName = Release;
		};
		535B8D9E2524110E00649F30 /* Build configuration list for PBXNativeTarget "AVFoundation" */ = {
			isa = XCConfigurationList;
			buildConfigurations = (
				535B8D9F2524110E00649F30 /* Debug */,
				535B8DA02524110E00649F30 /* Release */,
			);
			defaultConfigurationIsVisible = 0;
			defaultConfigurationName = Release;
		};
		535B8DA12524110E00649F30 /* Build configuration list for PBXNativeTarget "AVFoundationTests" */ = {
			isa = XCConfigurationList;
			buildConfigurations = (
				535B8DA22524110E00649F30 /* Debug */,
				535B8DA32524110E00649F30 /* Release */,
			);
			defaultConfigurationIsVisible = 0;
			defaultConfigurationName = Release;
		};
		535B8DA42524110E00649F30 /* Build configuration list for PBXNativeTarget "AVFoundationUITests" */ = {
			isa = XCConfigurationList;
			buildConfigurations = (
				535B8DA52524110E00649F30 /* Debug */,
				535B8DA62524110E00649F30 /* Release */,
			);
			defaultConfigurationIsVisible = 0;
			defaultConfigurationName = Release;
		};
/* End XCConfigurationList section */
	};
	rootObject = 535B8D6C2524110B00649F30 /* Project object */;
}
